
Microsoft Visual Studio Solution File, Format Version 12.00
# Visual Studio Version 16
VisualStudioVersion = 16.0.30523.141
MinimumVisualStudioVersion = 10.0.40219.1
Project("{151D2E53-A2C4-4D7D-83FE-D05416EBD58E}") = "DiagnosticSettings", "DiagnosticSettings\DiagnosticSettings.deployproj", "{72D2CBD7-49F0-4B18-A7C1-BB9E6E8047E9}"
EndProject
Project("{151D2E53-A2C4-4D7D-83FE-D05416EBD58E}") = "VMExtensions", "VMExtensions\VMExtensions.deployproj", "{D552A2B5-5574-4186-A6EA-EE0450F221DB}"
EndProject
Global
	GlobalSection(SolutionConfigurationPlatforms) = preSolution
		Debug|Any CPU = Debug|Any CPU
		Release|Any CPU = Release|Any CPU
	EndGlobalSection
	GlobalSection(ProjectConfigurationPlatforms) = postSolution
		{72D2CBD7-49F0-4B18-A7C1-BB9E6E8047E9}.Debug|Any CPU.ActiveCfg = Debug|Any CPU
		{72D2CBD7-49F0-4B18-A7C1-BB9E6E8047E9}.Debug|Any CPU.Build.0 = Debug|Any CPU
		{72D2CBD7-49F0-4B18-A7C1-BB9E6E8047E9}.Release|Any CPU.ActiveCfg = Release|Any CPU
		{72D2CBD7-49F0-4B18-A7C1-BB9E6E8047E9}.Release|Any CPU.Build.0 = Release|Any CPU
		{D552A2B5-5574-4186-A6EA-EE0450F221DB}.Debug|Any CPU.ActiveCfg = Debug|Any CPU
		{D552A2B5-5574-4186-A6EA-EE0450F221DB}.Debug|Any CPU.Build.0 = Debug|Any CPU
		{D552A2B5-5574-4186-A6EA-EE0450F221DB}.Release|Any CPU.ActiveCfg = Release|Any CPU
		{D552A2B5-5574-4186-A6EA-EE0450F221DB}.Release|Any CPU.Build.0 = Release|Any CPU
	EndGlobalSection
	GlobalSection(SolutionProperties) = preSolution
		HideSolutionNode = FALSE
	EndGlobalSection
	GlobalSection(ExtensibilityGlobals) = postSolution
		SolutionGuid = {E734FD9A-0C51-486D-983C-B419F7250DE1}
	EndGlobalSection
EndGlobal
